
Microsoft Visual Studio Solution File, Format Version 12.00
# Visual Studio 15
VisualStudioVersion = 15.0.26124.0
MinimumVisualStudioVersion = 15.0.26124.0
Project("{2150E333-8FDC-42A3-9474-1A3956D46DE8}") = "src", "src", "{C73E7138-46A2-4A93-8D74-7C6B9AB9BCC1}"
EndProject
Project("{FAE04EC0-301F-11D3-BF4B-00C04F79EFBC}") = "WebUI", "src\WebUI\WebUI.csproj", "{4DEB5D7A-C9E3-425B-AD08-6DCCDE3EFD5D}"
EndProject
Project("{FAE04EC0-301F-11D3-BF4B-00C04F79EFBC}") = "Application", "src\Application\Application.csproj", "{EC265F8F-E46A-47EF-A733-F241345016A7}"
EndProject
Project("{FAE04EC0-301F-11D3-BF4B-00C04F79EFBC}") = "Domain", "src\Domain\Domain.csproj", "{BB27F0E9-3706-4627-A0BC-2771C1C4540A}"
EndProject
Project("{FAE04EC0-301F-11D3-BF4B-00C04F79EFBC}") = "Infrastructure", "src\Infrastructure\Infrastructure.csproj", "{39545D04-2563-413B-8746-6A3C9E6ACF67}"
EndProject
Project("{2150E333-8FDC-42A3-9474-1A3956D46DE8}") = "Tests", "Tests", "{2FEABCA7-2812-4108-83C5-8EF6C58A2CBB}"
EndProject
Project("{FAE04EC0-301F-11D3-BF4B-00C04F79EFBC}") = "Domain.UnitTests", "Tests\Domain.UnitTests\Domain.UnitTests.csproj", "{D0C6ECE9-6363-45E3-9710-4B25B66A199A}"
EndProject
Project("{FAE04EC0-301F-11D3-BF4B-00C04F79EFBC}") = "Application.UnitTests", "Tests\Application.UnitTests\Application.UnitTests.csproj", "{212294C7-618D-41B0-B78B-BCB8157A615B}"
EndProject
Project("{FAE04EC0-301F-11D3-BF4B-00C04F79EFBC}") = "Persistence", "src\Persistence\Persistence.csproj", "{B0BB85DF-E7CA-4B6D-A25E-31E8E7FCD0C1}"
EndProject
Project("{FAE04EC0-301F-11D3-BF4B-00C04F79EFBC}") = "Common", "src\Common\Common.csproj", "{8D84B745-8DAA-44EE-97C7-1DDB3ED79AA7}"
EndProject
Global
	GlobalSection(SolutionConfigurationPlatforms) = preSolution
		Debug|Any CPU = Debug|Any CPU
		Debug|x64 = Debug|x64
		Debug|x86 = Debug|x86
		Release|Any CPU = Release|Any CPU
		Release|x64 = Release|x64
		Release|x86 = Release|x86
	EndGlobalSection
	GlobalSection(SolutionProperties) = preSolution
		HideSolutionNode = FALSE
	EndGlobalSection
	GlobalSection(ProjectConfigurationPlatforms) = postSolution
		{4DEB5D7A-C9E3-425B-AD08-6DCCDE3EFD5D}.Debug|Any CPU.ActiveCfg = Debug|Any CPU
		{4DEB5D7A-C9E3-425B-AD08-6DCCDE3EFD5D}.Debug|Any CPU.Build.0 = Debug|Any CPU
		{4DEB5D7A-C9E3-425B-AD08-6DCCDE3EFD5D}.Debug|x64.ActiveCfg = Debug|Any CPU
		{4DEB5D7A-C9E3-425B-AD08-6DCCDE3EFD5D}.Debug|x64.Build.0 = Debug|Any CPU
		{4DEB5D7A-C9E3-425B-AD08-6DCCDE3EFD5D}.Debug|x86.ActiveCfg = Debug|Any CPU
		{4DEB5D7A-C9E3-425B-AD08-6DCCDE3EFD5D}.Debug|x86.Build.0 = Debug|Any CPU
		{4DEB5D7A-C9E3-425B-AD08-6DCCDE3EFD5D}.Release|Any CPU.ActiveCfg = Release|Any CPU
		{4DEB5D7A-C9E3-425B-AD08-6DCCDE3EFD5D}.Release|Any CPU.Build.0 = Release|Any CPU
		{4DEB5D7A-C9E3-425B-AD08-6DCCDE3EFD5D}.Release|x64.ActiveCfg = Release|Any CPU
		{4DEB5D7A-C9E3-425B-AD08-6DCCDE3EFD5D}.Release|x64.Build.0 = Release|Any CPU
		{4DEB5D7A-C9E3-425B-AD08-6DCCDE3EFD5D}.Release|x86.ActiveCfg = Release|Any CPU
		{4DEB5D7A-C9E3-425B-AD08-6DCCDE3EFD5D}.Release|x86.Build.0 = Release|Any CPU
		{EC265F8F-E46A-47EF-A733-F241345016A7}.Debug|Any CPU.ActiveCfg = Debug|Any CPU
		{EC265F8F-E46A-47EF-A733-F241345016A7}.Debug|Any CPU.Build.0 = Debug|Any CPU
		{EC265F8F-E46A-47EF-A733-F241345016A7}.Debug|x64.ActiveCfg = Debug|Any CPU
		{EC265F8F-E46A-47EF-A733-F241345016A7}.Debug|x64.Build.0 = Debug|Any CPU
		{EC265F8F-E46A-47EF-A733-F241345016A7}.Debug|x86.ActiveCfg = Debug|Any CPU
		{EC265F8F-E46A-47EF-A733-F241345016A7}.Debug|x86.Build.0 = Debug|Any CPU
		{EC265F8F-E46A-47EF-A733-F241345016A7}.Release|Any CPU.ActiveCfg = Release|Any CPU
		{EC265F8F-E46A-47EF-A733-F241345016A7}.Release|Any CPU.Build.0 = Release|Any CPU
		{EC265F8F-E46A-47EF-A733-F241345016A7}.Release|x64.ActiveCfg = Release|Any CPU
		{EC265F8F-E46A-47EF-A733-F241345016A7}.Release|x64.Build.0 = Release|Any CPU
		{EC265F8F-E46A-47EF-A733-F241345016A7}.Release|x86.ActiveCfg = Release|Any CPU
		{EC265F8F-E46A-47EF-A733-F241345016A7}.Release|x86.Build.0 = Release|Any CPU
		{BB27F0E9-3706-4627-A0BC-2771C1C4540A}.Debug|Any CPU.ActiveCfg = Debug|Any CPU
		{BB27F0E9-3706-4627-A0BC-2771C1C4540A}.Debug|Any CPU.Build.0 = Debug|Any CPU
		{BB27F0E9-3706-4627-A0BC-2771C1C4540A}.Debug|x64.ActiveCfg = Debug|Any CPU
		{BB27F0E9-3706-4627-A0BC-2771C1C4540A}.Debug|x64.Build.0 = Debug|Any CPU
		{BB27F0E9-3706-4627-A0BC-2771C1C4540A}.Debug|x86.ActiveCfg = Debug|Any CPU
		{BB27F0E9-3706-4627-A0BC-2771C1C4540A}.Debug|x86.Build.0 = Debug|Any CPU
		{BB27F0E9-3706-4627-A0BC-2771C1C4540A}.Release|Any CPU.ActiveCfg = Release|Any CPU
		{BB27F0E9-3706-4627-A0BC-2771C1C4540A}.Release|Any CPU.Build.0 = Release|Any CPU
		{BB27F0E9-3706-4627-A0BC-2771C1C4540A}.Release|x64.ActiveCfg = Release|Any CPU
		{BB27F0E9-3706-4627-A0BC-2771C1C4540A}.Release|x64.Build.0 = Release|Any CPU
		{BB27F0E9-3706-4627-A0BC-2771C1C4540A}.Release|x86.ActiveCfg = Release|Any CPU
		{BB27F0E9-3706-4627-A0BC-2771C1C4540A}.Release|x86.Build.0 = Release|Any CPU
		{39545D04-2563-413B-8746-6A3C9E6ACF67}.Debug|Any CPU.ActiveCfg = Debug|Any CPU
		{39545D04-2563-413B-8746-6A3C9E6ACF67}.Debug|Any CPU.Build.0 = Debug|Any CPU
		{39545D04-2563-413B-8746-6A3C9E6ACF67}.Debug|x64.ActiveCfg = Debug|Any CPU
		{39545D04-2563-413B-8746-6A3C9E6ACF67}.Debug|x64.Build.0 = Debug|Any CPU
		{39545D04-2563-413B-8746-6A3C9E6ACF67}.Debug|x86.ActiveCfg = Debug|Any CPU
		{39545D04-2563-413B-8746-6A3C9E6ACF67}.Debug|x86.Build.0 = Debug|Any CPU
		{39545D04-2563-413B-8746-6A3C9E6ACF67}.Release|Any CPU.ActiveCfg = Release|Any CPU
		{39545D04-2563-413B-8746-6A3C9E6ACF67}.Release|Any CPU.Build.0 = Release|Any CPU
		{39545D04-2563-413B-8746-6A3C9E6ACF67}.Release|x64.ActiveCfg = Release|Any CPU
		{39545D04-2563-413B-8746-6A3C9E6ACF67}.Release|x64.Build.0 = Release|Any CPU
		{39545D04-2563-413B-8746-6A3C9E6ACF67}.Release|x86.ActiveCfg = Release|Any CPU
		{39545D04-2563-413B-8746-6A3C9E6ACF67}.Release|x86.Build.0 = Release|Any CPU
		{D0C6ECE9-6363-45E3-9710-4B25B66A199A}.Debug|Any CPU.ActiveCfg = Debug|Any CPU
		{D0C6ECE9-6363-45E3-9710-4B25B66A199A}.Debug|Any CPU.Build.0 = Debug|Any CPU
		{D0C6ECE9-6363-45E3-9710-4B25B66A199A}.Debug|x64.ActiveCfg = Debug|Any CPU
		{D0C6ECE9-6363-45E3-9710-4B25B66A199A}.Debug|x64.Build.0 = Debug|Any CPU
		{D0C6ECE9-6363-45E3-9710-4B25B66A199A}.Debug|x86.ActiveCfg = Debug|Any CPU
		{D0C6ECE9-6363-45E3-9710-4B25B66A199A}.Debug|x86.Build.0 = Debug|Any CPU
		{D0C6ECE9-6363-45E3-9710-4B25B66A199A}.Release|Any CPU.ActiveCfg = Release|Any CPU
		{D0C6ECE9-6363-45E3-9710-4B25B66A199A}.Release|Any CPU.Build.0 = Release|Any CPU
		{D0C6ECE9-6363-45E3-9710-4B25B66A199A}.Release|x64.ActiveCfg = Release|Any CPU
		{D0C6ECE9-6363-45E3-9710-4B25B66A199A}.Release|x64.Build.0 = Release|Any CPU
		{D0C6ECE9-6363-45E3-9710-4B25B66A199A}.Release|x86.ActiveCfg = Release|Any CPU
		{D0C6ECE9-6363-45E3-9710-4B25B66A199A}.Release|x86.Build.0 = Release|Any CPU
		{212294C7-618D-41B0-B78B-BCB8157A615B}.Debug|Any CPU.ActiveCfg = Debug|Any CPU
		{212294C7-618D-41B0-B78B-BCB8157A615B}.Debug|Any CPU.Build.0 = Debug|Any CPU
		{212294C7-618D-41B0-B78B-BCB8157A615B}.Debug|x64.ActiveCfg = Debug|Any CPU
		{212294C7-618D-41B0-B78B-BCB8157A615B}.Debug|x64.Build.0 = Debug|Any CPU
		{212294C7-618D-41B0-B78B-BCB8157A615B}.Debug|x86.ActiveCfg = Debug|Any CPU
		{212294C7-618D-41B0-B78B-BCB8157A615B}.Debug|x86.Build.0 = Debug|Any CPU
		{212294C7-618D-41B0-B78B-BCB8157A615B}.Release|Any CPU.ActiveCfg = Release|Any CPU
		{212294C7-618D-41B0-B78B-BCB8157A615B}.Release|Any CPU.Build.0 = Release|Any CPU
		{212294C7-618D-41B0-B78B-BCB8157A615B}.Release|x64.ActiveCfg = Release|Any CPU
		{212294C7-618D-41B0-B78B-BCB8157A615B}.Release|x64.Build.0 = Release|Any CPU
		{212294C7-618D-41B0-B78B-BCB8157A615B}.Release|x86.ActiveCfg = Release|Any CPU
		{212294C7-618D-41B0-B78B-BCB8157A615B}.Release|x86.Build.0 = Release|Any CPU
		{B0BB85DF-E7CA-4B6D-A25E-31E8E7FCD0C1}.Debug|Any CPU.ActiveCfg = Debug|Any CPU
		{B0BB85DF-E7CA-4B6D-A25E-31E8E7FCD0C1}.Debug|Any CPU.Build.0 = Debug|Any CPU
		{B0BB85DF-E7CA-4B6D-A25E-31E8E7FCD0C1}.Debug|x64.ActiveCfg = Debug|Any CPU
		{B0BB85DF-E7CA-4B6D-A25E-31E8E7FCD0C1}.Debug|x64.Build.0 = Debug|Any CPU
		{B0BB85DF-E7CA-4B6D-A25E-31E8E7FCD0C1}.Debug|x86.ActiveCfg = Debug|Any CPU
		{B0BB85DF-E7CA-4B6D-A25E-31E8E7FCD0C1}.Debug|x86.Build.0 = Debug|Any CPU
		{B0BB85DF-E7CA-4B6D-A25E-31E8E7FCD0C1}.Release|Any CPU.ActiveCfg = Release|Any CPU
		{B0BB85DF-E7CA-4B6D-A25E-31E8E7FCD0C1}.Release|Any CPU.Build.0 = Release|Any CPU
		{B0BB85DF-E7CA-4B6D-A25E-31E8E7FCD0C1}.Release|x64.ActiveCfg = Release|Any CPU
		{B0BB85DF-E7CA-4B6D-A25E-31E8E7FCD0C1}.Release|x64.Build.0 = Release|Any CPU
		{B0BB85DF-E7CA-4B6D-A25E-31E8E7FCD0C1}.Release|x86.ActiveCfg = Release|Any CPU
		{B0BB85DF-E7CA-4B6D-A25E-31E8E7FCD0C1}.Release|x86.Build.0 = Release|Any CPU
		{8D84B745-8DAA-44EE-97C7-1DDB3ED79AA7}.Debug|Any CPU.ActiveCfg = Debug|Any CPU
		{8D84B745-8DAA-44EE-97C7-1DDB3ED79AA7}.Debug|Any CPU.Build.0 = Debug|Any CPU
		{8D84B745-8DAA-44EE-97C7-1DDB3ED79AA7}.Debug|x64.ActiveCfg = Debug|Any CPU
		{8D84B745-8DAA-44EE-97C7-1DDB3ED79AA7}.Debug|x64.Build.0 = Debug|Any CPU
		{8D84B745-8DAA-44EE-97C7-1DDB3ED79AA7}.Debug|x86.ActiveCfg = Debug|Any CPU
		{8D84B745-8DAA-44EE-97C7-1DDB3ED79AA7}.Debug|x86.Build.0 = Debug|Any CPU
		{8D84B745-8DAA-44EE-97C7-1DDB3ED79AA7}.Release|Any CPU.ActiveCfg = Release|Any CPU
		{8D84B745-8DAA-44EE-97C7-1DDB3ED79AA7}.Release|Any CPU.Build.0 = Release|Any CPU
		{8D84B745-8DAA-44EE-97C7-1DDB3ED79AA7}.Release|x64.ActiveCfg = Release|Any CPU
		{8D84B745-8DAA-44EE-97C7-1DDB3ED79AA7}.Release|x64.Build.0 = Release|Any CPU
		{8D84B745-8DAA-44EE-97C7-1DDB3ED79AA7}.Release|x86.ActiveCfg = Release|Any CPU
		{8D84B745-8DAA-44EE-97C7-1DDB3ED79AA7}.Release|x86.Build.0 = Release|Any CPU
	EndGlobalSection
	GlobalSection(NestedProjects) = preSolution
		{4DEB5D7A-C9E3-425B-AD08-6DCCDE3EFD5D} = {C73E7138-46A2-4A93-8D74-7C6B9AB9BCC1}
		{EC265F8F-E46A-47EF-A733-F241345016A7} = {C73E7138-46A2-4A93-8D74-7C6B9AB9BCC1}
		{BB27F0E9-3706-4627-A0BC-2771C1C4540A} = {C73E7138-46A2-4A93-8D74-7C6B9AB9BCC1}
		{39545D04-2563-413B-8746-6A3C9E6ACF67} = {C73E7138-46A2-4A93-8D74-7C6B9AB9BCC1}
		{D0C6ECE9-6363-45E3-9710-4B25B66A199A} = {2FEABCA7-2812-4108-83C5-8EF6C58A2CBB}
		{212294C7-618D-41B0-B78B-BCB8157A615B} = {2FEABCA7-2812-4108-83C5-8EF6C58A2CBB}
		{B0BB85DF-E7CA-4B6D-A25E-31E8E7FCD0C1} = {C73E7138-46A2-4A93-8D74-7C6B9AB9BCC1}
		{8D84B745-8DAA-44EE-97C7-1DDB3ED79AA7} = {C73E7138-46A2-4A93-8D74-7C6B9AB9BCC1}
	EndGlobalSection
EndGlobal
